
Microsoft Visual Studio Solution File, Format Version 12.00
# Visual Studio Version 16
VisualStudioVersion = 16.0.34031.81
MinimumVisualStudioVersion = 10.0.40219.1
Project("{FAE04EC0-301F-11D3-BF4B-00C04F79EFBC}") = "Interface", "Interface\Interface.csproj", "{92FB8FCA-B40F-4A70-8563-583C6051016D}"
EndProject
Global
	GlobalSection(SolutionConfigurationPlatforms) = preSolution
		Debug|Any CPU = Debug|Any CPU
		Release|Any CPU = Release|Any CPU
	EndGlobalSection
	GlobalSection(ProjectConfigurationPlatforms) = postSolution
		{92FB8FCA-B40F-4A70-8563-583C6051016D}.Debug|Any CPU.ActiveCfg = Debug|Any CPU
		{92FB8FCA-B40F-4A70-8563-583C6051016D}.Debug|Any CPU.Build.0 = Debug|Any CPU
		{92FB8FCA-B40F-4A70-8563-583C6051016D}.Release|Any CPU.ActiveCfg = Release|Any CPU
		{92FB8FCA-B40F-4A70-8563-583C6051016D}.Release|Any CPU.Build.0 = Release|Any CPU
	EndGlobalSection
	GlobalSection(SolutionProperties) = preSolution
		HideSolutionNode = FALSE
	EndGlobalSection
	GlobalSection(ExtensibilityGlobals) = postSolution
		SolutionGuid = {3E3574C9-6973-4935-91ED-FE068FF2B6F1}
	EndGlobalSection
EndGlobal
